
Microsoft Visual Studio Solution File, Format Version 12.00
# Visual Studio Version 17
VisualStudioVersion = 17.4.33205.214
MinimumVisualStudioVersion = 10.0.40219.1
Project("{778DAE3C-4631-46EA-AA77-85C1314464D9}") = "Gendanad_Auto_Clicker", "Gendanad_Auto_Clicker.vbproj", "{8DA04939-49A7-4043-B10D-5ADE56CAF431}"
EndProject
Global
	GlobalSection(SolutionConfigurationPlatforms) = preSolution
		Debug|Any CPU = Debug|Any CPU
		Release|Any CPU = Release|Any CPU
	EndGlobalSection
	GlobalSection(ProjectConfigurationPlatforms) = postSolution
		{8DA04939-49A7-4043-B10D-5ADE56CAF431}.Debug|Any CPU.ActiveCfg = Debug|Any CPU
		{8DA04939-49A7-4043-B10D-5ADE56CAF431}.Debug|Any CPU.Build.0 = Debug|Any CPU
		{8DA04939-49A7-4043-B10D-5ADE56CAF431}.Release|Any CPU.ActiveCfg = Release|Any CPU
		{8DA04939-49A7-4043-B10D-5ADE56CAF431}.Release|Any CPU.Build.0 = Release|Any CPU
	EndGlobalSection
	GlobalSection(SolutionProperties) = preSolution
		HideSolutionNode = FALSE
	EndGlobalSection
	GlobalSection(ExtensibilityGlobals) = postSolution
		SolutionGuid = {6BE8AB40-BE0A-4E50-830F-66A442F72828}
	EndGlobalSection
EndGlobal
